
Microsoft Visual Studio Solution File, Format Version 12.00
# Visual Studio Version 16
VisualStudioVersion = 16.0.28922.388
MinimumVisualStudioVersion = 10.0.40219.1
Project("{FAE04EC0-301F-11D3-BF4B-00C04F79EFBC}") = "SupplyChainManagement", "SupplyChainManagement\SupplyChainManagement.csproj", "{5ABE7B53-9051-4AE6-B065-65F9F35FA5DE}"
EndProject
Global
	GlobalSection(SolutionConfigurationPlatforms) = preSolution
		Debug|Any CPU = Debug|Any CPU
		Release|Any CPU = Release|Any CPU
	EndGlobalSection
	GlobalSection(ProjectConfigurationPlatforms) = postSolution
		{5ABE7B53-9051-4AE6-B065-65F9F35FA5DE}.Debug|Any CPU.ActiveCfg = Debug|Any CPU
		{5ABE7B53-9051-4AE6-B065-65F9F35FA5DE}.Debug|Any CPU.Build.0 = Debug|Any CPU
		{5ABE7B53-9051-4AE6-B065-65F9F35FA5DE}.Release|Any CPU.ActiveCfg = Release|Any CPU
		{5ABE7B53-9051-4AE6-B065-65F9F35FA5DE}.Release|Any CPU.Build.0 = Release|Any CPU
	EndGlobalSection
	GlobalSection(SolutionProperties) = preSolution
		HideSolutionNode = FALSE
	EndGlobalSection
	GlobalSection(ExtensibilityGlobals) = postSolution
		SolutionGuid = {C585E1AC-54B3-404D-BD47-FE4F441AD42A}
	EndGlobalSection
EndGlobal
